// !$*UTF8*$!
{
	archiveVersion = 1;
	classes = {
	};
	objectVersion = 51;
	objects = {

/* Begin PBXBuildFile section */
		0261C8FD25E41FA400C34272 /* NewCasesCell.swift in Sources */ = {isa = PBXBuildFile; fileRef = 0261C8FC25E41FA400C34272 /* NewCasesCell.swift */; };
		0261C90225E4209E00C34272 /* .gitkeep in Resources */ = {isa = PBXBuildFile; fileRef = 0261C90125E4209E00C34272 /* .gitkeep */; };
		028C438025D46F540064C372 /* AppDelegate.swift in Sources */ = {isa = PBXBuildFile; fileRef = 028C437F25D46F540064C372 /* AppDelegate.swift */; };
		028C438225D46F540064C372 /* SceneDelegate.swift in Sources */ = {isa = PBXBuildFile; fileRef = 028C438125D46F540064C372 /* SceneDelegate.swift */; };
		028C438425D46F540064C372 /* ViewController.swift in Sources */ = {isa = PBXBuildFile; fileRef = 028C438325D46F540064C372 /* ViewController.swift */; };
		028C438725D46F540064C372 /* Main.storyboard in Resources */ = {isa = PBXBuildFile; fileRef = 028C438525D46F540064C372 /* Main.storyboard */; };
		028C438A25D46F540064C372 /* SupremeNow.xcdatamodeld in Sources */ = {isa = PBXBuildFile; fileRef = 028C438825D46F540064C372 /* SupremeNow.xcdatamodeld */; };
		028C438C25D46F550064C372 /* Assets.xcassets in Resources */ = {isa = PBXBuildFile; fileRef = 028C438B25D46F550064C372 /* Assets.xcassets */; };
		028C438F25D46F550064C372 /* LaunchScreen.storyboard in Resources */ = {isa = PBXBuildFile; fileRef = 028C438D25D46F550064C372 /* LaunchScreen.storyboard */; };
		028C439A25D46F550064C372 /* SupremeNowTests.swift in Sources */ = {isa = PBXBuildFile; fileRef = 028C439925D46F550064C372 /* SupremeNowTests.swift */; };
		028C43A525D46F550064C372 /* SupremeNowUITests.swift in Sources */ = {isa = PBXBuildFile; fileRef = 028C43A425D46F550064C372 /* SupremeNowUITests.swift */; };
		02B7DCAE25E40FB600B5B656 /* Feed.storyboard in Resources */ = {isa = PBXBuildFile; fileRef = 02B7DCAC25E40FB600B5B656 /* Feed.storyboard */; };
		02B7DCAF25E40FB600B5B656 /* Feed.storyboard in Resources */ = {isa = PBXBuildFile; fileRef = 02B7DCAC25E40FB600B5B656 /* Feed.storyboard */; };
		02B7DCB025E40FB600B5B656 /* Feed.storyboard in Resources */ = {isa = PBXBuildFile; fileRef = 02B7DCAC25E40FB600B5B656 /* Feed.storyboard */; };
		02B7DCC325E4106F00B5B656 /* Library.storyboard in Resources */ = {isa = PBXBuildFile; fileRef = 02B7DCC125E4106F00B5B656 /* Library.storyboard */; };
		02B7DCC425E4106F00B5B656 /* Library.storyboard in Resources */ = {isa = PBXBuildFile; fileRef = 02B7DCC125E4106F00B5B656 /* Library.storyboard */; };
		02B7DCC525E4106F00B5B656 /* Library.storyboard in Resources */ = {isa = PBXBuildFile; fileRef = 02B7DCC125E4106F00B5B656 /* Library.storyboard */; };
		02B7DCCB25E410A000B5B656 /* Analytics.storyboard in Resources */ = {isa = PBXBuildFile; fileRef = 02B7DCC925E410A000B5B656 /* Analytics.storyboard */; };
		02B7DCCC25E410A000B5B656 /* Analytics.storyboard in Resources */ = {isa = PBXBuildFile; fileRef = 02B7DCC925E410A000B5B656 /* Analytics.storyboard */; };
		02B7DCCD25E410A000B5B656 /* Analytics.storyboard in Resources */ = {isa = PBXBuildFile; fileRef = 02B7DCC925E410A000B5B656 /* Analytics.storyboard */; };
		02B7DCD325E410B900B5B656 /* Profile.storyboard in Resources */ = {isa = PBXBuildFile; fileRef = 02B7DCD125E410B900B5B656 /* Profile.storyboard */; };
		02B7DCD425E410B900B5B656 /* Profile.storyboard in Resources */ = {isa = PBXBuildFile; fileRef = 02B7DCD125E410B900B5B656 /* Profile.storyboard */; };
		02B7DCD525E410B900B5B656 /* Profile.storyboard in Resources */ = {isa = PBXBuildFile; fileRef = 02B7DCD125E410B900B5B656 /* Profile.storyboard */; };
		093F6EA99289B33AB339CF7E /* Pods_SupremeNow_SupremeNowUITests.framework in Frameworks */ = {isa = PBXBuildFile; fileRef = 2E5D5137BE45D717F31B3D09 /* Pods_SupremeNow_SupremeNowUITests.framework */; };
		298F965E902ADCC8905B0B9E /* Pods_SupremeNowTests.framework in Frameworks */ = {isa = PBXBuildFile; fileRef = B4E6640EBE9EE59439802491 /* Pods_SupremeNowTests.framework */; };
		F349CCA825E1930300F475D0 /* GoogleService-Info.plist in Resources */ = {isa = PBXBuildFile; fileRef = F349CCA725E1930300F475D0 /* GoogleService-Info.plist */; };
		F349CCA925E1930300F475D0 /* GoogleService-Info.plist in Resources */ = {isa = PBXBuildFile; fileRef = F349CCA725E1930300F475D0 /* GoogleService-Info.plist */; };
		F349CCAA25E1930300F475D0 /* GoogleService-Info.plist in Resources */ = {isa = PBXBuildFile; fileRef = F349CCA725E1930300F475D0 /* GoogleService-Info.plist */; };
		F349CCD225E1973F00F475D0 /* FeedViewController.swift in Sources */ = {isa = PBXBuildFile; fileRef = F349CCD125E1973F00F475D0 /* FeedViewController.swift */; };
		F349CCD325E1973F00F475D0 /* FeedViewController.swift in Sources */ = {isa = PBXBuildFile; fileRef = F349CCD125E1973F00F475D0 /* FeedViewController.swift */; };
		F349CCD425E1973F00F475D0 /* FeedViewController.swift in Sources */ = {isa = PBXBuildFile; fileRef = F349CCD125E1973F00F475D0 /* FeedViewController.swift */; };
		FADD177E810805192F90E5D9 /* Pods_SupremeNow.framework in Frameworks */ = {isa = PBXBuildFile; fileRef = 11E7CE78B8D6693C25313B86 /* Pods_SupremeNow.framework */; };
/* End PBXBuildFile section */

/* Begin PBXContainerItemProxy section */
		028C439625D46F550064C372 /* PBXContainerItemProxy */ = {
			isa = PBXContainerItemProxy;
			containerPortal = 028C437425D46F540064C372 /* Project object */;
			proxyType = 1;
			remoteGlobalIDString = 028C437B25D46F540064C372;
			remoteInfo = SupremeNow;
		};
		028C43A125D46F550064C372 /* PBXContainerItemProxy */ = {
			isa = PBXContainerItemProxy;
			containerPortal = 028C437425D46F540064C372 /* Project object */;
			proxyType = 1;
			remoteGlobalIDString = 028C437B25D46F540064C372;
			remoteInfo = SupremeNow;
		};
/* End PBXContainerItemProxy section */

/* Begin PBXFileReference section */
		0261C8FC25E41FA400C34272 /* NewCasesCell.swift */ = {isa = PBXFileReference; lastKnownFileType = sourcecode.swift; path = NewCasesCell.swift; sourceTree = "<group>"; };
		0261C90125E4209E00C34272 /* .gitkeep */ = {isa = PBXFileReference; lastKnownFileType = text; path = .gitkeep; sourceTree = "<group>"; };
		028C437C25D46F540064C372 /* SupremeNow.app */ = {isa = PBXFileReference; explicitFileType = wrapper.application; includeInIndex = 0; path = SupremeNow.app; sourceTree = BUILT_PRODUCTS_DIR; };
		028C437F25D46F540064C372 /* AppDelegate.swift */ = {isa = PBXFileReference; lastKnownFileType = sourcecode.swift; path = AppDelegate.swift; sourceTree = "<group>"; };
		028C438125D46F540064C372 /* SceneDelegate.swift */ = {isa = PBXFileReference; lastKnownFileType = sourcecode.swift; path = SceneDelegate.swift; sourceTree = "<group>"; };
		028C438325D46F540064C372 /* ViewController.swift */ = {isa = PBXFileReference; lastKnownFileType = sourcecode.swift; path = ViewController.swift; sourceTree = "<group>"; };
		028C438625D46F540064C372 /* Base */ = {isa = PBXFileReference; lastKnownFileType = file.storyboard; name = Base; path = Base.lproj/Main.storyboard; sourceTree = "<group>"; };
		028C438925D46F540064C372 /* SupremeNow.xcdatamodel */ = {isa = PBXFileReference; lastKnownFileType = wrapper.xcdatamodel; path = SupremeNow.xcdatamodel; sourceTree = "<group>"; };
		028C438B25D46F550064C372 /* Assets.xcassets */ = {isa = PBXFileReference; lastKnownFileType = folder.assetcatalog; path = Assets.xcassets; sourceTree = "<group>"; };
		028C438E25D46F550064C372 /* Base */ = {isa = PBXFileReference; lastKnownFileType = file.storyboard; name = Base; path = Base.lproj/LaunchScreen.storyboard; sourceTree = "<group>"; };
		028C439025D46F550064C372 /* Info.plist */ = {isa = PBXFileReference; lastKnownFileType = text.plist.xml; path = Info.plist; sourceTree = "<group>"; };
		028C439525D46F550064C372 /* SupremeNowTests.xctest */ = {isa = PBXFileReference; explicitFileType = wrapper.cfbundle; includeInIndex = 0; path = SupremeNowTests.xctest; sourceTree = BUILT_PRODUCTS_DIR; };
		028C439925D46F550064C372 /* SupremeNowTests.swift */ = {isa = PBXFileReference; lastKnownFileType = sourcecode.swift; path = SupremeNowTests.swift; sourceTree = "<group>"; };
		028C439B25D46F550064C372 /* Info.plist */ = {isa = PBXFileReference; lastKnownFileType = text.plist.xml; path = Info.plist; sourceTree = "<group>"; };
		028C43A025D46F550064C372 /* SupremeNowUITests.xctest */ = {isa = PBXFileReference; explicitFileType = wrapper.cfbundle; includeInIndex = 0; path = SupremeNowUITests.xctest; sourceTree = BUILT_PRODUCTS_DIR; };
		028C43A425D46F550064C372 /* SupremeNowUITests.swift */ = {isa = PBXFileReference; lastKnownFileType = sourcecode.swift; path = SupremeNowUITests.swift; sourceTree = "<group>"; };
		028C43A625D46F550064C372 /* Info.plist */ = {isa = PBXFileReference; lastKnownFileType = text.plist.xml; path = Info.plist; sourceTree = "<group>"; };
		02B7DCAD25E40FB600B5B656 /* Base */ = {isa = PBXFileReference; lastKnownFileType = file.storyboard; name = Base; path = Base.lproj/Feed.storyboard; sourceTree = "<group>"; };
		02B7DCC225E4106F00B5B656 /* Base */ = {isa = PBXFileReference; lastKnownFileType = file.storyboard; name = Base; path = Base.lproj/Library.storyboard; sourceTree = "<group>"; };
		02B7DCCA25E410A000B5B656 /* Base */ = {isa = PBXFileReference; lastKnownFileType = file.storyboard; name = Base; path = Base.lproj/Analytics.storyboard; sourceTree = "<group>"; };
		02B7DCD225E410B900B5B656 /* Base */ = {isa = PBXFileReference; lastKnownFileType = file.storyboard; name = Base; path = Base.lproj/Profile.storyboard; sourceTree = "<group>"; };
		06B239432B222786952CFC1D /* Pods-SupremeNow-SupremeNowUITests.debug.xcconfig */ = {isa = PBXFileReference; includeInIndex = 1; lastKnownFileType = text.xcconfig; name = "Pods-SupremeNow-SupremeNowUITests.debug.xcconfig"; path = "Target Support Files/Pods-SupremeNow-SupremeNowUITests/Pods-SupremeNow-SupremeNowUITests.debug.xcconfig"; sourceTree = "<group>"; };
		11E7CE78B8D6693C25313B86 /* Pods_SupremeNow.framework */ = {isa = PBXFileReference; explicitFileType = wrapper.framework; includeInIndex = 0; path = Pods_SupremeNow.framework; sourceTree = BUILT_PRODUCTS_DIR; };
		14C1C29014B6C3016D5E37A9 /* Pods-SupremeNow.debug.xcconfig */ = {isa = PBXFileReference; includeInIndex = 1; lastKnownFileType = text.xcconfig; name = "Pods-SupremeNow.debug.xcconfig"; path = "Target Support Files/Pods-SupremeNow/Pods-SupremeNow.debug.xcconfig"; sourceTree = "<group>"; };
		2BB26C5B5CCD0D8C482A14BA /* Pods-SupremeNow.release.xcconfig */ = {isa = PBXFileReference; includeInIndex = 1; lastKnownFileType = text.xcconfig; name = "Pods-SupremeNow.release.xcconfig"; path = "Target Support Files/Pods-SupremeNow/Pods-SupremeNow.release.xcconfig"; sourceTree = "<group>"; };
		2E5D5137BE45D717F31B3D09 /* Pods_SupremeNow_SupremeNowUITests.framework */ = {isa = PBXFileReference; explicitFileType = wrapper.framework; includeInIndex = 0; path = Pods_SupremeNow_SupremeNowUITests.framework; sourceTree = BUILT_PRODUCTS_DIR; };
		77AACF2257F429742F347B35 /* Pods-SupremeNow-SupremeNowUITests.release.xcconfig */ = {isa = PBXFileReference; includeInIndex = 1; lastKnownFileType = text.xcconfig; name = "Pods-SupremeNow-SupremeNowUITests.release.xcconfig"; path = "Target Support Files/Pods-SupremeNow-SupremeNowUITests/Pods-SupremeNow-SupremeNowUITests.release.xcconfig"; sourceTree = "<group>"; };
		9420AC21F10E5AD150FE526B /* Pods-SupremeNowTests.release.xcconfig */ = {isa = PBXFileReference; includeInIndex = 1; lastKnownFileType = text.xcconfig; name = "Pods-SupremeNowTests.release.xcconfig"; path = "Target Support Files/Pods-SupremeNowTests/Pods-SupremeNowTests.release.xcconfig"; sourceTree = "<group>"; };
		9C0B1394AC7E071D75EDC71D /* Pods-SupremeNowTests.debug.xcconfig */ = {isa = PBXFileReference; includeInIndex = 1; lastKnownFileType = text.xcconfig; name = "Pods-SupremeNowTests.debug.xcconfig"; path = "Target Support Files/Pods-SupremeNowTests/Pods-SupremeNowTests.debug.xcconfig"; sourceTree = "<group>"; };
		B4E6640EBE9EE59439802491 /* Pods_SupremeNowTests.framework */ = {isa = PBXFileReference; explicitFileType = wrapper.framework; includeInIndex = 0; path = Pods_SupremeNowTests.framework; sourceTree = BUILT_PRODUCTS_DIR; };
		F349CCA725E1930300F475D0 /* GoogleService-Info.plist */ = {isa = PBXFileReference; fileEncoding = 4; lastKnownFileType = text.plist.xml; path = "GoogleService-Info.plist"; sourceTree = "<group>"; };
		F349CCD125E1973F00F475D0 /* FeedViewController.swift */ = {isa = PBXFileReference; lastKnownFileType = sourcecode.swift; path = FeedViewController.swift; sourceTree = "<group>"; };
/* End PBXFileReference section */

/* Begin PBXFrameworksBuildPhase section */
		028C437925D46F540064C372 /* Frameworks */ = {
			isa = PBXFrameworksBuildPhase;
			buildActionMask = 2147483647;
			files = (
				FADD177E810805192F90E5D9 /* Pods_SupremeNow.framework in Frameworks */,
			);
			runOnlyForDeploymentPostprocessing = 0;
		};
		028C439225D46F550064C372 /* Frameworks */ = {
			isa = PBXFrameworksBuildPhase;
			buildActionMask = 2147483647;
			files = (
				298F965E902ADCC8905B0B9E /* Pods_SupremeNowTests.framework in Frameworks */,
			);
			runOnlyForDeploymentPostprocessing = 0;
		};
		028C439D25D46F550064C372 /* Frameworks */ = {
			isa = PBXFrameworksBuildPhase;
			buildActionMask = 2147483647;
			files = (
				093F6EA99289B33AB339CF7E /* Pods_SupremeNow_SupremeNowUITests.framework in Frameworks */,
			);
			runOnlyForDeploymentPostprocessing = 0;
		};
/* End PBXFrameworksBuildPhase section */

/* Begin PBXGroup section */
		0261C8FA25E41D1B00C34272 /* Cells */ = {
			isa = PBXGroup;
			children = (
				0261C8FB25E41D2300C34272 /* Feed */,
			);
			path = Cells;
			sourceTree = "<group>";
		};
		0261C8FB25E41D2300C34272 /* Feed */ = {
			isa = PBXGroup;
			children = (
				0261C8FC25E41FA400C34272 /* NewCasesCell.swift */,
			);
			path = Feed;
			sourceTree = "<group>";
		};
		028C437325D46F540064C372 = {
			isa = PBXGroup;
			children = (
				028C437E25D46F540064C372 /* SupremeNow */,
				028C439825D46F550064C372 /* SupremeNowTests */,
				028C43A325D46F550064C372 /* SupremeNowUITests */,
				028C437D25D46F540064C372 /* Products */,
				E3F74476D531EB0B842EEB88 /* Pods */,
				C28E62460A859CF4CB76B215 /* Frameworks */,
			);
			sourceTree = "<group>";
		};
		028C437D25D46F540064C372 /* Products */ = {
			isa = PBXGroup;
			children = (
				028C437C25D46F540064C372 /* SupremeNow.app */,
				028C439525D46F550064C372 /* SupremeNowTests.xctest */,
				028C43A025D46F550064C372 /* SupremeNowUITests.xctest */,
			);
			name = Products;
			sourceTree = "<group>";
		};
		028C437E25D46F540064C372 /* SupremeNow */ = {
			isa = PBXGroup;
			children = (
				02B7DCA825E40EE900B5B656 /* Controllers */,
				02B7DCA725E40EB700B5B656 /* Views */,
				02B7DCA625E40E9F00B5B656 /* Models */,
				02B7DCA325E40E3700B5B656 /* Storyboards */,
				028C437F25D46F540064C372 /* AppDelegate.swift */,
				028C438125D46F540064C372 /* SceneDelegate.swift */,
				028C438B25D46F550064C372 /* Assets.xcassets */,
				028C439025D46F550064C372 /* Info.plist */,
				028C438825D46F540064C372 /* SupremeNow.xcdatamodeld */,
				F349CCA725E1930300F475D0 /* GoogleService-Info.plist */,
			);
			path = SupremeNow;
			sourceTree = "<group>";
		};
		028C439825D46F550064C372 /* SupremeNowTests */ = {
			isa = PBXGroup;
			children = (
				028C439925D46F550064C372 /* SupremeNowTests.swift */,
				028C439B25D46F550064C372 /* Info.plist */,
			);
			path = SupremeNowTests;
			sourceTree = "<group>";
		};
		028C43A325D46F550064C372 /* SupremeNowUITests */ = {
			isa = PBXGroup;
			children = (
				028C43A425D46F550064C372 /* SupremeNowUITests.swift */,
				028C43A625D46F550064C372 /* Info.plist */,
			);
			path = SupremeNowUITests;
			sourceTree = "<group>";
		};
		02B7DCA325E40E3700B5B656 /* Storyboards */ = {
			isa = PBXGroup;
			children = (
				02B7DCD125E410B900B5B656 /* Profile.storyboard */,
				02B7DCC925E410A000B5B656 /* Analytics.storyboard */,
				02B7DCC125E4106F00B5B656 /* Library.storyboard */,
				02B7DCAC25E40FB600B5B656 /* Feed.storyboard */,
				028C438525D46F540064C372 /* Main.storyboard */,
				028C438D25D46F550064C372 /* LaunchScreen.storyboard */,
			);
			name = Storyboards;
			sourceTree = "<group>";
		};
		02B7DCA625E40E9F00B5B656 /* Models */ = {
			isa = PBXGroup;
			children = (
				0261C90125E4209E00C34272 /* .gitkeep */,
			);
			path = Models;
			sourceTree = "<group>";
		};
		02B7DCA725E40EB700B5B656 /* Views */ = {
			isa = PBXGroup;
			children = (
				0261C8FA25E41D1B00C34272 /* Cells */,
			);
			path = Views;
			sourceTree = "<group>";
		};
		02B7DCA825E40EE900B5B656 /* Controllers */ = {
			isa = PBXGroup;
			children = (
				028C438325D46F540064C372 /* ViewController.swift */,
				F349CCD125E1973F00F475D0 /* FeedViewController.swift */,
			);
			path = Controllers;
			sourceTree = "<group>";
		};
		C28E62460A859CF4CB76B215 /* Frameworks */ = {
			isa = PBXGroup;
			children = (
				11E7CE78B8D6693C25313B86 /* Pods_SupremeNow.framework */,
				2E5D5137BE45D717F31B3D09 /* Pods_SupremeNow_SupremeNowUITests.framework */,
				B4E6640EBE9EE59439802491 /* Pods_SupremeNowTests.framework */,
			);
			name = Frameworks;
			sourceTree = "<group>";
		};
		E3F74476D531EB0B842EEB88 /* Pods */ = {
			isa = PBXGroup;
			children = (
				14C1C29014B6C3016D5E37A9 /* Pods-SupremeNow.debug.xcconfig */,
				2BB26C5B5CCD0D8C482A14BA /* Pods-SupremeNow.release.xcconfig */,
				06B239432B222786952CFC1D /* Pods-SupremeNow-SupremeNowUITests.debug.xcconfig */,
				77AACF2257F429742F347B35 /* Pods-SupremeNow-SupremeNowUITests.release.xcconfig */,
				9C0B1394AC7E071D75EDC71D /* Pods-SupremeNowTests.debug.xcconfig */,
				9420AC21F10E5AD150FE526B /* Pods-SupremeNowTests.release.xcconfig */,
			);
			path = Pods;
			sourceTree = "<group>";
		};
/* End PBXGroup section */

/* Begin PBXNativeTarget section */
		028C437B25D46F540064C372 /* SupremeNow */ = {
			isa = PBXNativeTarget;
			buildConfigurationList = 028C43A925D46F550064C372 /* Build configuration list for PBXNativeTarget "SupremeNow" */;
			buildPhases = (
				5FF3AFF8CF41E6DBD919EB1A /* [CP] Check Pods Manifest.lock */,
				028C437825D46F540064C372 /* Sources */,
				028C437925D46F540064C372 /* Frameworks */,
				028C437A25D46F540064C372 /* Resources */,
				6D2E0D6D081FE748EBB6B025 /* [CP] Embed Pods Frameworks */,
			);
			buildRules = (
			);
			dependencies = (
			);
			name = SupremeNow;
			productName = SupremeNow;
			productReference = 028C437C25D46F540064C372 /* SupremeNow.app */;
			productType = "com.apple.product-type.application";
		};
		028C439425D46F550064C372 /* SupremeNowTests */ = {
			isa = PBXNativeTarget;
			buildConfigurationList = 028C43AC25D46F550064C372 /* Build configuration list for PBXNativeTarget "SupremeNowTests" */;
			buildPhases = (
				F46D1F6E183712D20F3FE6D5 /* [CP] Check Pods Manifest.lock */,
				028C439125D46F550064C372 /* Sources */,
				028C439225D46F550064C372 /* Frameworks */,
				028C439325D46F550064C372 /* Resources */,
			);
			buildRules = (
			);
			dependencies = (
				028C439725D46F550064C372 /* PBXTargetDependency */,
			);
			name = SupremeNowTests;
			productName = SupremeNowTests;
			productReference = 028C439525D46F550064C372 /* SupremeNowTests.xctest */;
			productType = "com.apple.product-type.bundle.unit-test";
		};
		028C439F25D46F550064C372 /* SupremeNowUITests */ = {
			isa = PBXNativeTarget;
			buildConfigurationList = 028C43AF25D46F550064C372 /* Build configuration list for PBXNativeTarget "SupremeNowUITests" */;
			buildPhases = (
				F20EAA49CCDAE6472BF39269 /* [CP] Check Pods Manifest.lock */,
				028C439C25D46F550064C372 /* Sources */,
				028C439D25D46F550064C372 /* Frameworks */,
				028C439E25D46F550064C372 /* Resources */,
				87283548AC3E0D9CA3BDB14F /* [CP] Embed Pods Frameworks */,
			);
			buildRules = (
			);
			dependencies = (
				028C43A225D46F550064C372 /* PBXTargetDependency */,
			);
			name = SupremeNowUITests;
			productName = SupremeNowUITests;
			productReference = 028C43A025D46F550064C372 /* SupremeNowUITests.xctest */;
			productType = "com.apple.product-type.bundle.ui-testing";
		};
/* End PBXNativeTarget section */

/* Begin PBXProject section */
		028C437425D46F540064C372 /* Project object */ = {
			isa = PBXProject;
			attributes = {
				LastSwiftUpdateCheck = 1240;
				LastUpgradeCheck = 1240;
				TargetAttributes = {
					028C437B25D46F540064C372 = {
						CreatedOnToolsVersion = 12.4;
					};
					028C439425D46F550064C372 = {
						CreatedOnToolsVersion = 12.4;
						TestTargetID = 028C437B25D46F540064C372;
					};
					028C439F25D46F550064C372 = {
						CreatedOnToolsVersion = 12.4;
						TestTargetID = 028C437B25D46F540064C372;
					};
				};
			};
			buildConfigurationList = 028C437725D46F540064C372 /* Build configuration list for PBXProject "SupremeNow" */;
			compatibilityVersion = "Xcode 9.3";
			developmentRegion = en;
			hasScannedForEncodings = 0;
			knownRegions = (
				en,
				Base,
			);
			mainGroup = 028C437325D46F540064C372;
			productRefGroup = 028C437D25D46F540064C372 /* Products */;
			projectDirPath = "";
			projectRoot = "";
			targets = (
				028C437B25D46F540064C372 /* SupremeNow */,
				028C439425D46F550064C372 /* SupremeNowTests */,
				028C439F25D46F550064C372 /* SupremeNowUITests */,
			);
		};
/* End PBXProject section */

/* Begin PBXResourcesBuildPhase section */
		028C437A25D46F540064C372 /* Resources */ = {
			isa = PBXResourcesBuildPhase;
			buildActionMask = 2147483647;
			files = (
				02B7DCAE25E40FB600B5B656 /* Feed.storyboard in Resources */,
				028C438F25D46F550064C372 /* LaunchScreen.storyboard in Resources */,
				02B7DCD325E410B900B5B656 /* Profile.storyboard in Resources */,
				0261C90225E4209E00C34272 /* .gitkeep in Resources */,
				F349CCA825E1930300F475D0 /* GoogleService-Info.plist in Resources */,
				028C438C25D46F550064C372 /* Assets.xcassets in Resources */,
				02B7DCCB25E410A000B5B656 /* Analytics.storyboard in Resources */,
				02B7DCC325E4106F00B5B656 /* Library.storyboard in Resources */,
				028C438725D46F540064C372 /* Main.storyboard in Resources */,
			);
			runOnlyForDeploymentPostprocessing = 0;
		};
		028C439325D46F550064C372 /* Resources */ = {
			isa = PBXResourcesBuildPhase;
			buildActionMask = 2147483647;
			files = (
				02B7DCAF25E40FB600B5B656 /* Feed.storyboard in Resources */,
				02B7DCC425E4106F00B5B656 /* Library.storyboard in Resources */,
				02B7DCD425E410B900B5B656 /* Profile.storyboard in Resources */,
				F349CCA925E1930300F475D0 /* GoogleService-Info.plist in Resources */,
				02B7DCCC25E410A000B5B656 /* Analytics.storyboard in Resources */,
			);
			runOnlyForDeploymentPostprocessing = 0;
		};
		028C439E25D46F550064C372 /* Resources */ = {
			isa = PBXResourcesBuildPhase;
			buildActionMask = 2147483647;
			files = (
				02B7DCB025E40FB600B5B656 /* Feed.storyboard in Resources */,
				02B7DCC525E4106F00B5B656 /* Library.storyboard in Resources */,
				02B7DCD525E410B900B5B656 /* Profile.storyboard in Resources */,
				F349CCAA25E1930300F475D0 /* GoogleService-Info.plist in Resources */,
				02B7DCCD25E410A000B5B656 /* Analytics.storyboard in Resources */,
			);
			runOnlyForDeploymentPostprocessing = 0;
		};
/* End PBXResourcesBuildPhase section */

/* Begin PBXShellScriptBuildPhase section */
		5FF3AFF8CF41E6DBD919EB1A /* [CP] Check Pods Manifest.lock */ = {
			isa = PBXShellScriptBuildPhase;
			buildActionMask = 2147483647;
			files = (
			);
			inputFileListPaths = (
			);
			inputPaths = (
				"${PODS_PODFILE_DIR_PATH}/Podfile.lock",
				"${PODS_ROOT}/Manifest.lock",
			);
			name = "[CP] Check Pods Manifest.lock";
			outputFileListPaths = (
			);
			outputPaths = (
				"$(DERIVED_FILE_DIR)/Pods-SupremeNow-checkManifestLockResult.txt",
			);
			runOnlyForDeploymentPostprocessing = 0;
			shellPath = /bin/sh;
			shellScript = "diff \"${PODS_PODFILE_DIR_PATH}/Podfile.lock\" \"${PODS_ROOT}/Manifest.lock\" > /dev/null\nif [ $? != 0 ] ; then\n    # print error to STDERR\n    echo \"error: The sandbox is not in sync with the Podfile.lock. Run 'pod install' or update your CocoaPods installation.\" >&2\n    exit 1\nfi\n# This output is used by Xcode 'outputs' to avoid re-running this script phase.\necho \"SUCCESS\" > \"${SCRIPT_OUTPUT_FILE_0}\"\n";
			showEnvVarsInLog = 0;
		};
		6D2E0D6D081FE748EBB6B025 /* [CP] Embed Pods Frameworks */ = {
			isa = PBXShellScriptBuildPhase;
			buildActionMask = 2147483647;
			files = (
			);
			inputFileListPaths = (
				"${PODS_ROOT}/Target Support Files/Pods-SupremeNow/Pods-SupremeNow-frameworks-${CONFIGURATION}-input-files.xcfilelist",
			);
			name = "[CP] Embed Pods Frameworks";
			outputFileListPaths = (
				"${PODS_ROOT}/Target Support Files/Pods-SupremeNow/Pods-SupremeNow-frameworks-${CONFIGURATION}-output-files.xcfilelist",
			);
			runOnlyForDeploymentPostprocessing = 0;
			shellPath = /bin/sh;
			shellScript = "\"${PODS_ROOT}/Target Support Files/Pods-SupremeNow/Pods-SupremeNow-frameworks.sh\"\n";
			showEnvVarsInLog = 0;
		};
		87283548AC3E0D9CA3BDB14F /* [CP] Embed Pods Frameworks */ = {
			isa = PBXShellScriptBuildPhase;
			buildActionMask = 2147483647;
			files = (
			);
			inputFileListPaths = (
				"${PODS_ROOT}/Target Support Files/Pods-SupremeNow-SupremeNowUITests/Pods-SupremeNow-SupremeNowUITests-frameworks-${CONFIGURATION}-input-files.xcfilelist",
			);
			name = "[CP] Embed Pods Frameworks";
			outputFileListPaths = (
				"${PODS_ROOT}/Target Support Files/Pods-SupremeNow-SupremeNowUITests/Pods-SupremeNow-SupremeNowUITests-frameworks-${CONFIGURATION}-output-files.xcfilelist",
			);
			runOnlyForDeploymentPostprocessing = 0;
			shellPath = /bin/sh;
			shellScript = "\"${PODS_ROOT}/Target Support Files/Pods-SupremeNow-SupremeNowUITests/Pods-SupremeNow-SupremeNowUITests-frameworks.sh\"\n";
			showEnvVarsInLog = 0;
		};
		F20EAA49CCDAE6472BF39269 /* [CP] Check Pods Manifest.lock */ = {
			isa = PBXShellScriptBuildPhase;
			buildActionMask = 2147483647;
			files = (
			);
			inputFileListPaths = (
			);
			inputPaths = (
				"${PODS_PODFILE_DIR_PATH}/Podfile.lock",
				"${PODS_ROOT}/Manifest.lock",
			);
			name = "[CP] Check Pods Manifest.lock";
			outputFileListPaths = (
			);
			outputPaths = (
				"$(DERIVED_FILE_DIR)/Pods-SupremeNow-SupremeNowUITests-checkManifestLockResult.txt",
			);
			runOnlyForDeploymentPostprocessing = 0;
			shellPath = /bin/sh;
			shellScript = "diff \"${PODS_PODFILE_DIR_PATH}/Podfile.lock\" \"${PODS_ROOT}/Manifest.lock\" > /dev/null\nif [ $? != 0 ] ; then\n    # print error to STDERR\n    echo \"error: The sandbox is not in sync with the Podfile.lock. Run 'pod install' or update your CocoaPods installation.\" >&2\n    exit 1\nfi\n# This output is used by Xcode 'outputs' to avoid re-running this script phase.\necho \"SUCCESS\" > \"${SCRIPT_OUTPUT_FILE_0}\"\n";
			showEnvVarsInLog = 0;
		};
		F46D1F6E183712D20F3FE6D5 /* [CP] Check Pods Manifest.lock */ = {
			isa = PBXShellScriptBuildPhase;
			buildActionMask = 2147483647;
			files = (
			);
			inputFileListPaths = (
			);
			inputPaths = (
				"${PODS_PODFILE_DIR_PATH}/Podfile.lock",
				"${PODS_ROOT}/Manifest.lock",
			);
			name = "[CP] Check Pods Manifest.lock";
			outputFileListPaths = (
			);
			outputPaths = (
				"$(DERIVED_FILE_DIR)/Pods-SupremeNowTests-checkManifestLockResult.txt",
			);
			runOnlyForDeploymentPostprocessing = 0;
			shellPath = /bin/sh;
			shellScript = "diff \"${PODS_PODFILE_DIR_PATH}/Podfile.lock\" \"${PODS_ROOT}/Manifest.lock\" > /dev/null\nif [ $? != 0 ] ; then\n    # print error to STDERR\n    echo \"error: The sandbox is not in sync with the Podfile.lock. Run 'pod install' or update your CocoaPods installation.\" >&2\n    exit 1\nfi\n# This output is used by Xcode 'outputs' to avoid re-running this script phase.\necho \"SUCCESS\" > \"${SCRIPT_OUTPUT_FILE_0}\"\n";
			showEnvVarsInLog = 0;
		};
/* End PBXShellScriptBuildPhase section */

/* Begin PBXSourcesBuildPhase section */
		028C437825D46F540064C372 /* Sources */ = {
			isa = PBXSourcesBuildPhase;
			buildActionMask = 2147483647;
			files = (
				028C438A25D46F540064C372 /* SupremeNow.xcdatamodeld in Sources */,
				028C438425D46F540064C372 /* ViewController.swift in Sources */,
				0261C8FD25E41FA400C34272 /* NewCasesCell.swift in Sources */,
				F349CCD225E1973F00F475D0 /* FeedViewController.swift in Sources */,
				028C438025D46F540064C372 /* AppDelegate.swift in Sources */,
				028C438225D46F540064C372 /* SceneDelegate.swift in Sources */,
			);
			runOnlyForDeploymentPostprocessing = 0;
		};
		028C439125D46F550064C372 /* Sources */ = {
			isa = PBXSourcesBuildPhase;
			buildActionMask = 2147483647;
			files = (
				F349CCD325E1973F00F475D0 /* FeedViewController.swift in Sources */,
				028C439A25D46F550064C372 /* SupremeNowTests.swift in Sources */,
			);
			runOnlyForDeploymentPostprocessing = 0;
		};
		028C439C25D46F550064C372 /* Sources */ = {
			isa = PBXSourcesBuildPhase;
			buildActionMask = 2147483647;
			files = (
				F349CCD425E1973F00F475D0 /* FeedViewController.swift in Sources */,
				028C43A525D46F550064C372 /* SupremeNowUITests.swift in Sources */,
			);
			runOnlyForDeploymentPostprocessing = 0;
		};
/* End PBXSourcesBuildPhase section */

/* Begin PBXTargetDependency section */
		028C439725D46F550064C372 /* PBXTargetDependency */ = {
			isa = PBXTargetDependency;
			target = 028C437B25D46F540064C372 /* SupremeNow */;
			targetProxy = 028C439625D46F550064C372 /* PBXContainerItemProxy */;
		};
		028C43A225D46F550064C372 /* PBXTargetDependency */ = {
			isa = PBXTargetDependency;
			target = 028C437B25D46F540064C372 /* SupremeNow */;
			targetProxy = 028C43A125D46F550064C372 /* PBXContainerItemProxy */;
		};
/* End PBXTargetDependency section */

/* Begin PBXVariantGroup section */
		028C438525D46F540064C372 /* Main.storyboard */ = {
			isa = PBXVariantGroup;
			children = (
				028C438625D46F540064C372 /* Base */,
			);
			name = Main.storyboard;
			sourceTree = "<group>";
		};
		028C438D25D46F550064C372 /* LaunchScreen.storyboard */ = {
			isa = PBXVariantGroup;
			children = (
				028C438E25D46F550064C372 /* Base */,
			);
			name = LaunchScreen.storyboard;
			sourceTree = "<group>";
		};
		02B7DCAC25E40FB600B5B656 /* Feed.storyboard */ = {
			isa = PBXVariantGroup;
			children = (
				02B7DCAD25E40FB600B5B656 /* Base */,
			);
			name = Feed.storyboard;
			sourceTree = "<group>";
		};
		02B7DCC125E4106F00B5B656 /* Library.storyboard */ = {
			isa = PBXVariantGroup;
			children = (
				02B7DCC225E4106F00B5B656 /* Base */,
			);
			name = Library.storyboard;
			sourceTree = "<group>";
		};
		02B7DCC925E410A000B5B656 /* Analytics.storyboard */ = {
			isa = PBXVariantGroup;
			children = (
				02B7DCCA25E410A000B5B656 /* Base */,
			);
			name = Analytics.storyboard;
			sourceTree = "<group>";
		};
		02B7DCD125E410B900B5B656 /* Profile.storyboard */ = {
			isa = PBXVariantGroup;
			children = (
				02B7DCD225E410B900B5B656 /* Base */,
			);
			name = Profile.storyboard;
			sourceTree = "<group>";
		};
/* End PBXVariantGroup section */

/* Begin XCBuildConfiguration section */
		028C43A725D46F550064C372 /* Debug */ = {
			isa = XCBuildConfiguration;
			buildSettings = {
				ALWAYS_SEARCH_USER_PATHS = NO;
				CLANG_ANALYZER_NONNULL = YES;
				CLANG_ANALYZER_NUMBER_OBJECT_CONVERSION = YES_AGGRESSIVE;
				CLANG_CXX_LANGUAGE_STANDARD = "gnu++14";
				CLANG_CXX_LIBRARY = "libc++";
				CLANG_ENABLE_MODULES = YES;
				CLANG_ENABLE_OBJC_ARC = YES;
				CLANG_ENABLE_OBJC_WEAK = YES;
				CLANG_WARN_BLOCK_CAPTURE_AUTORELEASING = YES;
				CLANG_WARN_BOOL_CONVERSION = YES;
				CLANG_WARN_COMMA = YES;
				CLANG_WARN_CONSTANT_CONVERSION = YES;
				CLANG_WARN_DEPRECATED_OBJC_IMPLEMENTATIONS = YES;
				CLANG_WARN_DIRECT_OBJC_ISA_USAGE = YES_ERROR;
				CLANG_WARN_DOCUMENTATION_COMMENTS = YES;
				CLANG_WARN_EMPTY_BODY = YES;
				CLANG_WARN_ENUM_CONVERSION = YES;
				CLANG_WARN_INFINITE_RECURSION = YES;
				CLANG_WARN_INT_CONVERSION = YES;
				CLANG_WARN_NON_LITERAL_NULL_CONVERSION = YES;
				CLANG_WARN_OBJC_IMPLICIT_RETAIN_SELF = YES;
				CLANG_WARN_OBJC_LITERAL_CONVERSION = YES;
				CLANG_WARN_OBJC_ROOT_CLASS = YES_ERROR;
				CLANG_WARN_QUOTED_INCLUDE_IN_FRAMEWORK_HEADER = YES;
				CLANG_WARN_RANGE_LOOP_ANALYSIS = YES;
				CLANG_WARN_STRICT_PROTOTYPES = YES;
				CLANG_WARN_SUSPICIOUS_MOVE = YES;
				CLANG_WARN_UNGUARDED_AVAILABILITY = YES_AGGRESSIVE;
				CLANG_WARN_UNREACHABLE_CODE = YES;
				CLANG_WARN__DUPLICATE_METHOD_MATCH = YES;
				COPY_PHASE_STRIP = NO;
				DEBUG_INFORMATION_FORMAT = dwarf;
				ENABLE_STRICT_OBJC_MSGSEND = YES;
				ENABLE_TESTABILITY = YES;
				GCC_C_LANGUAGE_STANDARD = gnu11;
				GCC_DYNAMIC_NO_PIC = NO;
				GCC_NO_COMMON_BLOCKS = YES;
				GCC_OPTIMIZATION_LEVEL = 0;
				GCC_PREPROCESSOR_DEFINITIONS = (
					"DEBUG=1",
					"$(inherited)",
				);
				GCC_WARN_64_TO_32_BIT_CONVERSION = YES;
				GCC_WARN_ABOUT_RETURN_TYPE = YES_ERROR;
				GCC_WARN_UNDECLARED_SELECTOR = YES;
				GCC_WARN_UNINITIALIZED_AUTOS = YES_AGGRESSIVE;
				GCC_WARN_UNUSED_FUNCTION = YES;
				GCC_WARN_UNUSED_VARIABLE = YES;
				IPHONEOS_DEPLOYMENT_TARGET = 14.4;
				MTL_ENABLE_DEBUG_INFO = INCLUDE_SOURCE;
				MTL_FAST_MATH = YES;
				ONLY_ACTIVE_ARCH = YES;
				SDKROOT = iphoneos;
				SWIFT_ACTIVE_COMPILATION_CONDITIONS = DEBUG;
				SWIFT_OPTIMIZATION_LEVEL = "-Onone";
			};
			name = Debug;
		};
		028C43A825D46F550064C372 /* Release */ = {
			isa = XCBuildConfiguration;
			buildSettings = {
				ALWAYS_SEARCH_USER_PATHS = NO;
				CLANG_ANALYZER_NONNULL = YES;
				CLANG_ANALYZER_NUMBER_OBJECT_CONVERSION = YES_AGGRESSIVE;
				CLANG_CXX_LANGUAGE_STANDARD = "gnu++14";
				CLANG_CXX_LIBRARY = "libc++";
				CLANG_ENABLE_MODULES = YES;
				CLANG_ENABLE_OBJC_ARC = YES;
				CLANG_ENABLE_OBJC_WEAK = YES;
				CLANG_WARN_BLOCK_CAPTURE_AUTORELEASING = YES;
				CLANG_WARN_BOOL_CONVERSION = YES;
				CLANG_WARN_COMMA = YES;
				CLANG_WARN_CONSTANT_CONVERSION = YES;
				CLANG_WARN_DEPRECATED_OBJC_IMPLEMENTATIONS = YES;
				CLANG_WARN_DIRECT_OBJC_ISA_USAGE = YES_ERROR;
				CLANG_WARN_DOCUMENTATION_COMMENTS = YES;
				CLANG_WARN_EMPTY_BODY = YES;
				CLANG_WARN_ENUM_CONVERSION = YES;
				CLANG_WARN_INFINITE_RECURSION = YES;
				CLANG_WARN_INT_CONVERSION = YES;
				CLANG_WARN_NON_LITERAL_NULL_CONVERSION = YES;
				CLANG_WARN_OBJC_IMPLICIT_RETAIN_SELF = YES;
				CLANG_WARN_OBJC_LITERAL_CONVERSION = YES;
				CLANG_WARN_OBJC_ROOT_CLASS = YES_ERROR;
				CLANG_WARN_QUOTED_INCLUDE_IN_FRAMEWORK_HEADER = YES;
				CLANG_WARN_RANGE_LOOP_ANALYSIS = YES;
				CLANG_WARN_STRICT_PROTOTYPES = YES;
				CLANG_WARN_SUSPICIOUS_MOVE = YES;
				CLANG_WARN_UNGUARDED_AVAILABILITY = YES_AGGRESSIVE;
				CLANG_WARN_UNREACHABLE_CODE = YES;
				CLANG_WARN__DUPLICATE_METHOD_MATCH = YES;
				COPY_PHASE_STRIP = NO;
				DEBUG_INFORMATION_FORMAT = "dwarf-with-dsym";
				ENABLE_NS_ASSERTIONS = NO;
				ENABLE_STRICT_OBJC_MSGSEND = YES;
				GCC_C_LANGUAGE_STANDARD = gnu11;
				GCC_NO_COMMON_BLOCKS = YES;
				GCC_WARN_64_TO_32_BIT_CONVERSION = YES;
				GCC_WARN_ABOUT_RETURN_TYPE = YES_ERROR;
				GCC_WARN_UNDECLARED_SELECTOR = YES;
				GCC_WARN_UNINITIALIZED_AUTOS = YES_AGGRESSIVE;
				GCC_WARN_UNUSED_FUNCTION = YES;
				GCC_WARN_UNUSED_VARIABLE = YES;
				IPHONEOS_DEPLOYMENT_TARGET = 14.4;
				MTL_ENABLE_DEBUG_INFO = NO;
				MTL_FAST_MATH = YES;
				SDKROOT = iphoneos;
				SWIFT_COMPILATION_MODE = wholemodule;
				SWIFT_OPTIMIZATION_LEVEL = "-O";
				VALIDATE_PRODUCT = YES;
			};
			name = Release;
		};
		028C43AA25D46F550064C372 /* Debug */ = {
			isa = XCBuildConfiguration;
			baseConfigurationReference = 14C1C29014B6C3016D5E37A9 /* Pods-SupremeNow.debug.xcconfig */;
			buildSettings = {
				ASSETCATALOG_COMPILER_APPICON_NAME = AppIcon;
				ASSETCATALOG_COMPILER_GLOBAL_ACCENT_COLOR_NAME = AccentColor;
				CODE_SIGN_STYLE = Automatic;
				DEVELOPMENT_TEAM = AL99T3M47W;
				INFOPLIST_FILE = SupremeNow/Info.plist;
				LD_RUNPATH_SEARCH_PATHS = (
					"$(inherited)",
					"@executable_path/Frameworks",
				);
				PRODUCT_BUNDLE_IDENTIFIER = SupremeNow.SupremeNow;
				PRODUCT_NAME = "$(TARGET_NAME)";
				SWIFT_VERSION = 5.0;
				TARGETED_DEVICE_FAMILY = "1,2";
			};
			name = Debug;
		};
		028C43AB25D46F550064C372 /* Release */ = {
			isa = XCBuildConfiguration;
			baseConfigurationReference = 2BB26C5B5CCD0D8C482A14BA /* Pods-SupremeNow.release.xcconfig */;
			buildSettings = {
				ASSETCATALOG_COMPILER_APPICON_NAME = AppIcon;
				ASSETCATALOG_COMPILER_GLOBAL_ACCENT_COLOR_NAME = AccentColor;
				CODE_SIGN_STYLE = Automatic;
				DEVELOPMENT_TEAM = AL99T3M47W;
				INFOPLIST_FILE = SupremeNow/Info.plist;
				LD_RUNPATH_SEARCH_PATHS = (
					"$(inherited)",
					"@executable_path/Frameworks",
				);
				PRODUCT_BUNDLE_IDENTIFIER = SupremeNow.SupremeNow;
				PRODUCT_NAME = "$(TARGET_NAME)";
				SWIFT_VERSION = 5.0;
				TARGETED_DEVICE_FAMILY = "1,2";
			};
			name = Release;
		};
		028C43AD25D46F550064C372 /* Debug */ = {
			isa = XCBuildConfiguration;
			baseConfigurationReference = 9C0B1394AC7E071D75EDC71D /* Pods-SupremeNowTests.debug.xcconfig */;
			buildSettings = {
				ALWAYS_EMBED_SWIFT_STANDARD_LIBRARIES = YES;
				BUNDLE_LOADER = "$(TEST_HOST)";
				CODE_SIGN_STYLE = Automatic;
				DEVELOPMENT_TEAM = AL99T3M47W;
				INFOPLIST_FILE = SupremeNowTests/Info.plist;
				IPHONEOS_DEPLOYMENT_TARGET = 14.4;
				LD_RUNPATH_SEARCH_PATHS = (
					"$(inherited)",
					"@executable_path/Frameworks",
					"@loader_path/Frameworks",
				);
				PRODUCT_BUNDLE_IDENTIFIER = SupremeNow.SupremeNowTests;
				PRODUCT_NAME = "$(TARGET_NAME)";
				SWIFT_VERSION = 5.0;
				TARGETED_DEVICE_FAMILY = "1,2";
				TEST_HOST = "$(BUILT_PRODUCTS_DIR)/SupremeNow.app/SupremeNow";
			};
			name = Debug;
		};
		028C43AE25D46F550064C372 /* Release */ = {
			isa = XCBuildConfiguration;
			baseConfigurationReference = 9420AC21F10E5AD150FE526B /* Pods-SupremeNowTests.release.xcconfig */;
			buildSettings = {
				ALWAYS_EMBED_SWIFT_STANDARD_LIBRARIES = YES;
				BUNDLE_LOADER = "$(TEST_HOST)";
				CODE_SIGN_STYLE = Automatic;
				DEVELOPMENT_TEAM = AL99T3M47W;
				INFOPLIST_FILE = SupremeNowTests/Info.plist;
				IPHONEOS_DEPLOYMENT_TARGET = 14.4;
				LD_RUNPATH_SEARCH_PATHS = (
					"$(inherited)",
					"@executable_path/Frameworks",
					"@loader_path/Frameworks",
				);
				PRODUCT_BUNDLE_IDENTIFIER = SupremeNow.SupremeNowTests;
				PRODUCT_NAME = "$(TARGET_NAME)";
				SWIFT_VERSION = 5.0;
				TARGETED_DEVICE_FAMILY = "1,2";
				TEST_HOST = "$(BUILT_PRODUCTS_DIR)/SupremeNow.app/SupremeNow";
			};
			name = Release;
		};
		028C43B025D46F550064C372 /* Debug */ = {
			isa = XCBuildConfiguration;
			baseConfigurationReference = 06B239432B222786952CFC1D /* Pods-SupremeNow-SupremeNowUITests.debug.xcconfig */;
			buildSettings = {
				ALWAYS_EMBED_SWIFT_STANDARD_LIBRARIES = YES;
				CODE_SIGN_STYLE = Automatic;
				DEVELOPMENT_TEAM = AL99T3M47W;
				INFOPLIST_FILE = SupremeNowUITests/Info.plist;
				LD_RUNPATH_SEARCH_PATHS = (
					"$(inherited)",
					"@executable_path/Frameworks",
					"@loader_path/Frameworks",
				);
				PRODUCT_BUNDLE_IDENTIFIER = SupremeNow.SupremeNowUITests;
				PRODUCT_NAME = "$(TARGET_NAME)";
				SWIFT_VERSION = 5.0;
				TARGETED_DEVICE_FAMILY = "1,2";
				TEST_TARGET_NAME = SupremeNow;
			};
			name = Debug;
		};
		028C43B125D46F550064C372 /* Release */ = {
			isa = XCBuildConfiguration;
			baseConfigurationReference = 77AACF2257F429742F347B35 /* Pods-SupremeNow-SupremeNowUITests.release.xcconfig */;
			buildSettings = {
				ALWAYS_EMBED_SWIFT_STANDARD_LIBRARIES = YES;
				CODE_SIGN_STYLE = Automatic;
				DEVELOPMENT_TEAM = AL99T3M47W;
				INFOPLIST_FILE = SupremeNowUITests/Info.plist;
				LD_RUNPATH_SEARCH_PATHS = (
					"$(inherited)",
					"@executable_path/Frameworks",
					"@loader_path/Frameworks",
				);
				PRODUCT_BUNDLE_IDENTIFIER = SupremeNow.SupremeNowUITests;
				PRODUCT_NAME = "$(TARGET_NAME)";
				SWIFT_VERSION = 5.0;
				TARGETED_DEVICE_FAMILY = "1,2";
				TEST_TARGET_NAME = SupremeNow;
			};
			name = Release;
		};
/* End XCBuildConfiguration section */

/* Begin XCConfigurationList section */
		028C437725D46F540064C372 /* Build configuration list for PBXProject "SupremeNow" */ = {
			isa = XCConfigurationList;
			buildConfigurations = (
				028C43A725D46F550064C372 /* Debug */,
				028C43A825D46F550064C372 /* Release */,
			);
			defaultConfigurationIsVisible = 0;
			defaultConfigurationName = Release;
		};
		028C43A925D46F550064C372 /* Build configuration list for PBXNativeTarget "SupremeNow" */ = {
			isa = XCConfigurationList;
			buildConfigurations = (
				028C43AA25D46F550064C372 /* Debug */,
				028C43AB25D46F550064C372 /* Release */,
			);
			defaultConfigurationIsVisible = 0;
			defaultConfigurationName = Release;
		};
		028C43AC25D46F550064C372 /* Build configuration list for PBXNativeTarget "SupremeNowTests" */ = {
			isa = XCConfigurationList;
			buildConfigurations = (
				028C43AD25D46F550064C372 /* Debug */,
				028C43AE25D46F550064C372 /* Release */,
			);
			defaultConfigurationIsVisible = 0;
			defaultConfigurationName = Release;
		};
		028C43AF25D46F550064C372 /* Build configuration list for PBXNativeTarget "SupremeNowUITests" */ = {
			isa = XCConfigurationList;
			buildConfigurations = (
				028C43B025D46F550064C372 /* Debug */,
				028C43B125D46F550064C372 /* Release */,
			);
			defaultConfigurationIsVisible = 0;
			defaultConfigurationName = Release;
		};
/* End XCConfigurationList section */

/* Begin XCVersionGroup section */
		028C438825D46F540064C372 /* SupremeNow.xcdatamodeld */ = {
			isa = XCVersionGroup;
			children = (
				028C438925D46F540064C372 /* SupremeNow.xcdatamodel */,
			);
			currentVersion = 028C438925D46F540064C372 /* SupremeNow.xcdatamodel */;
			path = SupremeNow.xcdatamodeld;
			sourceTree = "<group>";
			versionGroupType = wrapper.xcdatamodel;
		};
/* End XCVersionGroup section */
	};
	rootObject = 028C437425D46F540064C372 /* Project object */;
}
